<?xml version="1.0" encoding="utf-8"?>
<Project ToolsVersion="4.0" xmlns="http://schemas.microsoft.com/developer/msbuild/2003">
  <ItemGroup>
    <ClCompile Include="..\Classes\AppDelegate.cpp" />
    <ClCompile Include="main.cpp">
      <Filter>win32</Filter>
    </ClCompile>
    <ClCompile Include="..\Classes\Main\Scene\TestScene.cpp">
      <Filter>SourceFile\Scene</Filter>
    </ClCompile>
  </ItemGroup>
  <ItemGroup>
    <ClInclude Include="..\Classes\AppDelegate.h" />
    <ClInclude Include="main.h">
      <Filter>win32</Filter>
    </ClInclude>
    <ClInclude Include="..\Classes\Main\Scene\TestScene.h">
      <Filter>SourceFile\Scene</Filter>
    </ClInclude>
  </ItemGroup>
  <ItemGroup>
    <Text Include="..\Classes\Template.txt" />
  </ItemGroup>
  <ItemGroup>
    <Filter Include="win32">
      <UniqueIdentifier>{4dccb9e1-4a2f-4788-8186-aba54cdb0abc}</UniqueIdentifier>
    </Filter>
    <Filter Include="resource">
      <UniqueIdentifier>{347d1e1c-41d3-4fc9-95fd-c84b31043df2}</UniqueIdentifier>
    </Filter>
    <Filter Include="SourceFile">
      <UniqueIdentifier>{efb9ee58-b50d-42d2-993d-e81e59871078}</UniqueIdentifier>
    </Filter>
    <Filter Include="SourceFile\Base">
      <UniqueIdentifier>{c2ccc3fd-7784-4da4-85b1-12bcd77ae4f2}</UniqueIdentifier>
    </Filter>
    <Filter Include="SourceFile\Object">
      <UniqueIdentifier>{62dddce2-ae7a-4b20-bc9a-030801c4ff63}</UniqueIdentifier>
    </Filter>
    <Filter Include="SourceFile\Scene">
      <UniqueIdentifier>{d51dbc1b-4c4b-40a8-97c7-86592e82ad52}</UniqueIdentifier>
    </Filter>
    <Filter Include="SourceFile\Stage">
      <UniqueIdentifier>{805037c2-5719-4a7e-b474-6e5163351f17}</UniqueIdentifier>
    </Filter>
    <Filter Include="SourceFile\System">
      <UniqueIdentifier>{ca55b57b-440d-4b8c-b2a0-f83a64f1e778}</UniqueIdentifier>
    </Filter>
  </ItemGroup>
  <ItemGroup>
    <ResourceCompile Include="game.rc">
      <Filter>resource</Filter>
    </ResourceCompile>
  </ItemGroup>
</Project>