<?xml version="1.0" encoding="utf-8"?>
<Project ToolsVersion="4.0" xmlns="http://schemas.microsoft.com/developer/msbuild/2003">
  <ItemGroup>
    <Filter Include="win32">
      <UniqueIdentifier>{84a8ebd7-7cf0-47f6-b75e-d441df67da40}</UniqueIdentifier>
    </Filter>
    <Filter Include="Resource">
      <UniqueIdentifier>{715254bc-d70b-4ec5-bf29-467dd3ace079}</UniqueIdentifier>
    </Filter>
    <Filter Include="Source">
      <UniqueIdentifier>{bb6c862e-70e9-49d9-81b7-3829a6f50471}</UniqueIdentifier>
    </Filter>
    <Filter Include="Source\Base">
      <UniqueIdentifier>{218e5988-55f6-43e7-8531-f8cf6fede037}</UniqueIdentifier>
    </Filter>
    <Filter Include="Source\System">
      <UniqueIdentifier>{79413f27-fd69-4fac-bdcf-e78f46f0377a}</UniqueIdentifier>
    </Filter>
    <Filter Include="Source\Stage">
      <UniqueIdentifier>{24f4ffb0-4af8-44b8-9a5d-83680c2214d3}</UniqueIdentifier>
    </Filter>
    <Filter Include="Source\Scene">
      <UniqueIdentifier>{99016d1c-76a3-4637-ab11-47152a6c6140}</UniqueIdentifier>
    </Filter>
    <Filter Include="Source\Object">
      <UniqueIdentifier>{93248708-cb65-41ee-ae87-797f0cd1de06}</UniqueIdentifier>
    </Filter>
  </ItemGroup>
  <ItemGroup>
    <ClCompile Include="main.cpp">
      <Filter>win32</Filter>
    </ClCompile>
    <ClCompile Include="..\Classes\AppDelegate.cpp">
      <Filter>Source</Filter>
    </ClCompile>
    <ClCompile Include="..\Classes\Base\GameMaster.cpp">
      <Filter>Source\Base</Filter>
    </ClCompile>
    <ClCompile Include="..\Classes\Base\Player.cpp">
      <Filter>Source\Base</Filter>
    </ClCompile>
    <ClCompile Include="..\Classes\Base\Sprite.cpp">
      <Filter>Source\Base</Filter>
    </ClCompile>
    <ClCompile Include="..\Classes\Base\Sprite3D.cpp">
      <Filter>Source\Base</Filter>
    </ClCompile>
    <ClCompile Include="..\Classes\Base\UI.cpp">
      <Filter>Source\Base</Filter>
    </ClCompile>
    <ClCompile Include="..\Classes\Base\Unit.cpp">
      <Filter>Source\Base</Filter>
    </ClCompile>
    <ClCompile Include="..\Classes\System\Directory.cpp">
      <Filter>Source\System</Filter>
    </ClCompile>
    <ClCompile Include="..\Classes\System\Errorfunc.cpp">
      <Filter>Source\System</Filter>
    </ClCompile>
    <ClCompile Include="..\Classes\System\Script.cpp">
      <Filter>Source\System</Filter>
    </ClCompile>
    <ClCompile Include="..\Classes\System\Shader.cpp">
      <Filter>Source\System</Filter>
    </ClCompile>
    <ClCompile Include="..\Classes\System\Sound.cpp">
      <Filter>Source\System</Filter>
    </ClCompile>
    <ClCompile Include="..\Classes\System\Wrapper.cpp">
      <Filter>Source\System</Filter>
    </ClCompile>
    <ClCompile Include="..\Classes\Object\Muzzle.cpp">
      <Filter>Source\Object</Filter>
    </ClCompile>
    <ClCompile Include="..\Classes\Scene\Character.cpp">
      <Filter>Source\Scene</Filter>
    </ClCompile>
    <ClCompile Include="..\Classes\Scene\GameModelsLayer.cpp">
      <Filter>Source\Scene</Filter>
    </ClCompile>
    <ClCompile Include="..\Classes\Scene\GamePlayerLayer.cpp">
      <Filter>Source\Scene</Filter>
    </ClCompile>
    <ClCompile Include="..\Classes\Scene\GamePlayerLayer_Enemy.cpp">
      <Filter>Source\Scene</Filter>
    </ClCompile>
    <ClCompile Include="..\Classes\Scene\GameScene.cpp">
      <Filter>Source\Scene</Filter>
    </ClCompile>
    <ClCompile Include="..\Classes\Scene\GameUILayer.cpp">
      <Filter>Source\Scene</Filter>
    </ClCompile>
    <ClCompile Include="..\Classes\Scene\TestScene.cpp">
      <Filter>Source\Scene</Filter>
    </ClCompile>
    <ClCompile Include="..\Classes\Scene\TitleScene.cpp">
      <Filter>Source\Scene</Filter>
    </ClCompile>
    <ClCompile Include="..\Classes\Stage\Enemy.cpp">
      <Filter>Source\Stage</Filter>
    </ClCompile>
    <ClCompile Include="..\Classes\Stage\EnemyTable.cpp">
      <Filter>Source\Stage</Filter>
    </ClCompile>
    <ClCompile Include="..\Classes\Scene\CreditScene.cpp">
      <Filter>Source\Scene</Filter>
    </ClCompile>
    <ClCompile Include="..\Classes\System\ResourceLoader.cpp">
      <Filter>Source\System</Filter>
    </ClCompile>
  </ItemGroup>
  <ItemGroup>
    <ClInclude Include="main.h">
      <Filter>win32</Filter>
    </ClInclude>
    <ClInclude Include="..\Classes\AppDelegate.h">
      <Filter>Source</Filter>
    </ClInclude>
    <ClInclude Include="..\Classes\Define.h">
      <Filter>Source</Filter>
    </ClInclude>
    <ClInclude Include="..\Classes\Base\GameMaster.h">
      <Filter>Source\Base</Filter>
    </ClInclude>
    <ClInclude Include="..\Classes\Base\Player.h">
      <Filter>Source\Base</Filter>
    </ClInclude>
    <ClInclude Include="..\Classes\Base\Sprite.h">
      <Filter>Source\Base</Filter>
    </ClInclude>
    <ClInclude Include="..\Classes\Base\Sprite3D.h">
      <Filter>Source\Base</Filter>
    </ClInclude>
    <ClInclude Include="..\Classes\Base\UI.h">
      <Filter>Source\Base</Filter>
    </ClInclude>
    <ClInclude Include="..\Classes\Base\Unit.h">
      <Filter>Source\Base</Filter>
    </ClInclude>
    <ClInclude Include="..\Classes\System\Directory.h">
      <Filter>Source\System</Filter>
    </ClInclude>
    <ClInclude Include="..\Classes\System\Errorfunc.h">
      <Filter>Source\System</Filter>
    </ClInclude>
    <ClInclude Include="..\Classes\System\Script.h">
      <Filter>Source\System</Filter>
    </ClInclude>
    <ClInclude Include="..\Classes\System\Shader.h">
      <Filter>Source\System</Filter>
    </ClInclude>
    <ClInclude Include="..\Classes\System\Sound.h">
      <Filter>Source\System</Filter>
    </ClInclude>
    <ClInclude Include="..\Classes\System\Wrapper.h">
      <Filter>Source\System</Filter>
    </ClInclude>
    <ClInclude Include="..\Classes\Object\Muzzle.h">
      <Filter>Source\Object</Filter>
    </ClInclude>
    <ClInclude Include="..\Classes\Scene\Character.h">
      <Filter>Source\Scene</Filter>
    </ClInclude>
    <ClInclude Include="..\Classes\Scene\GameModelsLayer.h">
      <Filter>Source\Scene</Filter>
    </ClInclude>
    <ClInclude Include="..\Classes\Scene\GamePlayerLayer.h">
      <Filter>Source\Scene</Filter>
    </ClInclude>
    <ClInclude Include="..\Classes\Scene\GamePlayerLayer_Enemy.h">
      <Filter>Source\Scene</Filter>
    </ClInclude>
    <ClInclude Include="..\Classes\Scene\GameScene.h">
      <Filter>Source\Scene</Filter>
    </ClInclude>
    <ClInclude Include="..\Classes\Scene\GameUILayer.h">
      <Filter>Source\Scene</Filter>
    </ClInclude>
    <ClInclude Include="..\Classes\Scene\TestScene.h">
      <Filter>Source\Scene</Filter>
    </ClInclude>
    <ClInclude Include="..\Classes\Scene\TitleScene.h">
      <Filter>Source\Scene</Filter>
    </ClInclude>
    <ClInclude Include="..\Classes\Stage\Enemy.h">
      <Filter>Source\Stage</Filter>
    </ClInclude>
    <ClInclude Include="..\Classes\Stage\EnemyTable.h">
      <Filter>Source\Stage</Filter>
    </ClInclude>
    <ClInclude Include="..\Classes\Main.h">
      <Filter>Source</Filter>
    </ClInclude>
    <ClInclude Include="..\Classes\Scene\CreditScene.h">
      <Filter>Source\Scene</Filter>
    </ClInclude>
    <ClInclude Include="..\Classes\System\ResourceLoader.h">
      <Filter>Source\System</Filter>
    </ClInclude>
  </ItemGroup>
  <ItemGroup>
    <ResourceCompile Include="game.rc">
      <Filter>Resource</Filter>
    </ResourceCompile>
  </ItemGroup>
  <ItemGroup>
    <Text Include="..\Classes\Template.txt">
      <Filter>Source</Filter>
    </Text>
    <Text Include="..\Classes\Test.txt">
      <Filter>Source</Filter>
    </Text>
  </ItemGroup>
</Project>